{
  "object": {
    "pins": [
      {
        "package": "CRuntime",
        "repositoryURL": "https://github.com/wickwirew/CRuntime.git",
        "state": {
          "branch": null,
          "revision": "95f911318d8c885f6fc05e971471f94adfd39405",
          "version": "2.1.2"
        }
      },
      {
        "package": "Runtime",
        "repositoryURL": "https://github.com/wickwirew/Runtime.git",
        "state": {
          "branch": null,
          "revision": "61c9776f47d2951bdc562486ad348e5e1ca2e180",
          "version": "2.1.1"
        }
      },
      {
        "package": "SwiftReduce",
        "repositoryURL": "git@github.com:sl/swift-reduce.git",
        "state": {
          "branch": "master",
          "revision": "dd9331748ad4bd3f20adb09268295ce9e4f281b5",
          "version": null
        }
      }
    ]
  },
  "version": 1
}
